// !$*UTF8*$!
{
	archiveVersion = 1;
	classes = {
	};
	objectVersion = 50;
	objects = {

/* Begin PBXBuildFile section */
		065867A2242E8D7E00AB793B /* Storyboarded.swift in Sources */ = {isa = PBXBuildFile; fileRef = 065867A1242E8D7E00AB793B /* Storyboarded.swift */; };
		065867A4242EA07100AB793B /* ErrorResponse.swift in Sources */ = {isa = PBXBuildFile; fileRef = 065867A3242EA07100AB793B /* ErrorResponse.swift */; };
		066293BC242D4CB000432B46 /* SignInCoordinator.swift in Sources */ = {isa = PBXBuildFile; fileRef = 066293BB242D4CB000432B46 /* SignInCoordinator.swift */; };
		0676B5E12432566D0096CFD2 /* SignInViewModel.swift in Sources */ = {isa = PBXBuildFile; fileRef = 0676B5E02432566D0096CFD2 /* SignInViewModel.swift */; };
		0676B5E52432A3B30096CFD2 /* ViewModeled.swift in Sources */ = {isa = PBXBuildFile; fileRef = 0676B5E42432A3B30096CFD2 /* ViewModeled.swift */; };
		0676B5F72433D0C60096CFD2 /* Config.swift in Sources */ = {isa = PBXBuildFile; fileRef = 0676B5F62433D0C60096CFD2 /* Config.swift */; };
		0678B26B242565D100D4973C /* AppDelegate.swift in Sources */ = {isa = PBXBuildFile; fileRef = 0678B26A242565D100D4973C /* AppDelegate.swift */; };
		0678B26D242565D100D4973C /* SceneDelegate.swift in Sources */ = {isa = PBXBuildFile; fileRef = 0678B26C242565D100D4973C /* SceneDelegate.swift */; };
		0678B26F242565D100D4973C /* SignInViewController.swift in Sources */ = {isa = PBXBuildFile; fileRef = 0678B26E242565D100D4973C /* SignInViewController.swift */; };
		0678B272242565D100D4973C /* SignIn.storyboard in Resources */ = {isa = PBXBuildFile; fileRef = 0678B270242565D100D4973C /* SignIn.storyboard */; };
		0678B274242565D200D4973C /* Assets.xcassets in Resources */ = {isa = PBXBuildFile; fileRef = 0678B273242565D200D4973C /* Assets.xcassets */; };
		0678B277242565D200D4973C /* LaunchScreen.storyboard in Resources */ = {isa = PBXBuildFile; fileRef = 0678B275242565D200D4973C /* LaunchScreen.storyboard */; };
		0678B282242565D200D4973C /* PagerTests.swift in Sources */ = {isa = PBXBuildFile; fileRef = 0678B281242565D200D4973C /* PagerTests.swift */; };
		06A9C52E242BD8D3004E9D2A /* AppSession.swift in Sources */ = {isa = PBXBuildFile; fileRef = 06A9C52D242BD8D3004E9D2A /* AppSession.swift */; };
		06A9C530242BD91C004E9D2A /* DefaultsKey.swift in Sources */ = {isa = PBXBuildFile; fileRef = 06A9C52F242BD91C004E9D2A /* DefaultsKey.swift */; };
		06A9C533242D3879004E9D2A /* JSONDecoderWrapper.swift in Sources */ = {isa = PBXBuildFile; fileRef = 06A9C532242D3879004E9D2A /* JSONDecoderWrapper.swift */; };
		06A9C538242D3FA8004E9D2A /* InterimFeedViewController.swift in Sources */ = {isa = PBXBuildFile; fileRef = 06A9C537242D3FA8004E9D2A /* InterimFeedViewController.swift */; };
		06A9C53A242D400F004E9D2A /* Coordinator.swift in Sources */ = {isa = PBXBuildFile; fileRef = 06A9C539242D400F004E9D2A /* Coordinator.swift */; };
		06A9C53C242D4033004E9D2A /* AppCoordinator.swift in Sources */ = {isa = PBXBuildFile; fileRef = 06A9C53B242D4033004E9D2A /* AppCoordinator.swift */; };
		06A9C53E242D4216004E9D2A /* FeedCoordinator.swift in Sources */ = {isa = PBXBuildFile; fileRef = 06A9C53D242D4216004E9D2A /* FeedCoordinator.swift */; };
		06A9FB64242A6D9D008B59DE /* NetworkClient.swift in Sources */ = {isa = PBXBuildFile; fileRef = 06A9FB63242A6D9D008B59DE /* NetworkClient.swift */; };
		06F2EDF8242A849E00E89C5B /* User.swift in Sources */ = {isa = PBXBuildFile; fileRef = 06F2EDF7242A849E00E89C5B /* User.swift */; };
		06F2EDFA242A867D00E89C5B /* ServerRequestError.swift in Sources */ = {isa = PBXBuildFile; fileRef = 06F2EDF9242A867D00E89C5B /* ServerRequestError.swift */; };
		5EAC9ACA2460AE1C006A2A1F /* NetworkPublisher.swift in Sources */ = {isa = PBXBuildFile; fileRef = 5EAC9AC92460AE1C006A2A1F /* NetworkPublisher.swift */; };
		5EAC9ACC2460AE4A006A2A1F /* Creation.swift in Sources */ = {isa = PBXBuildFile; fileRef = 5EAC9ACB2460AE4A006A2A1F /* Creation.swift */; };
		5EAC9ACF2460AE90006A2A1F /* Photo.swift in Sources */ = {isa = PBXBuildFile; fileRef = 5EAC9ACE2460AE90006A2A1F /* Photo.swift */; };
		5EAC9AD12460AF3D006A2A1F /* CreationsListView.swift in Sources */ = {isa = PBXBuildFile; fileRef = 5EAC9AD02460AF3D006A2A1F /* CreationsListView.swift */; };
		5EAC9AD32460AF9B006A2A1F /* CreationsListViewModel.swift in Sources */ = {isa = PBXBuildFile; fileRef = 5EAC9AD22460AF9B006A2A1F /* CreationsListViewModel.swift */; };
		5EAC9AD52460B26F006A2A1F /* NetworkPublisher+Creations.swift in Sources */ = {isa = PBXBuildFile; fileRef = 5EAC9AD42460B26F006A2A1F /* NetworkPublisher+Creations.swift */; };
		5EAC9AD92460B6B0006A2A1F /* CreationsListItemView.swift in Sources */ = {isa = PBXBuildFile; fileRef = 5EAC9AD82460B6B0006A2A1F /* CreationsListItemView.swift */; };
		5EAC9ADB2460B746006A2A1F /* CreationDetailsView.swift in Sources */ = {isa = PBXBuildFile; fileRef = 5EAC9ADA2460B746006A2A1F /* CreationDetailsView.swift */; };
		5EAC9ADE2461E6DC006A2A1F /* ImageCache.swift in Sources */ = {isa = PBXBuildFile; fileRef = 5EAC9ADD2461E6DC006A2A1F /* ImageCache.swift */; };
		5EAC9AE12461E73E006A2A1F /* ImageLoader.swift in Sources */ = {isa = PBXBuildFile; fileRef = 5EAC9AE02461E73E006A2A1F /* ImageLoader.swift */; };
		5EAC9AE32461E7D5006A2A1F /* AsyncImageView.swift in Sources */ = {isa = PBXBuildFile; fileRef = 5EAC9AE22461E7D5006A2A1F /* AsyncImageView.swift */; };
		5EAC9AE62461E8C7006A2A1F /* CreationListItemViewModel.swift in Sources */ = {isa = PBXBuildFile; fileRef = 5EAC9AE52461E8C7006A2A1F /* CreationListItemViewModel.swift */; };
/* End PBXBuildFile section */

/* Begin PBXContainerItemProxy section */
		0678B27E242565D200D4973C /* PBXContainerItemProxy */ = {
			isa = PBXContainerItemProxy;
			containerPortal = 0678B25F242565D000D4973C /* Project object */;
			proxyType = 1;
			remoteGlobalIDString = 0678B266242565D000D4973C;
			remoteInfo = Pager;
		};
/* End PBXContainerItemProxy section */

/* Begin PBXFileReference section */
		065867A1242E8D7E00AB793B /* Storyboarded.swift */ = {isa = PBXFileReference; fileEncoding = 4; lastKnownFileType = sourcecode.swift; path = Storyboarded.swift; sourceTree = "<group>"; };
		065867A3242EA07100AB793B /* ErrorResponse.swift */ = {isa = PBXFileReference; lastKnownFileType = sourcecode.swift; path = ErrorResponse.swift; sourceTree = "<group>"; };
		066293BB242D4CB000432B46 /* SignInCoordinator.swift */ = {isa = PBXFileReference; lastKnownFileType = sourcecode.swift; path = SignInCoordinator.swift; sourceTree = "<group>"; };
		0676B5E02432566D0096CFD2 /* SignInViewModel.swift */ = {isa = PBXFileReference; lastKnownFileType = sourcecode.swift; path = SignInViewModel.swift; sourceTree = "<group>"; };
		0676B5E42432A3B30096CFD2 /* ViewModeled.swift */ = {isa = PBXFileReference; lastKnownFileType = sourcecode.swift; path = ViewModeled.swift; sourceTree = "<group>"; };
		0676B5F32433CC650096CFD2 /* Development-Example.xcconfig */ = {isa = PBXFileReference; lastKnownFileType = text.xcconfig; path = "Development-Example.xcconfig"; sourceTree = "<group>"; };
		0676B5F42433CC850096CFD2 /* Staging-Example.xcconfig */ = {isa = PBXFileReference; lastKnownFileType = text.xcconfig; path = "Staging-Example.xcconfig"; sourceTree = "<group>"; };
		0676B5F52433CC960096CFD2 /* Production-Example.xcconfig */ = {isa = PBXFileReference; lastKnownFileType = text.xcconfig; path = "Production-Example.xcconfig"; sourceTree = "<group>"; };
		0676B5F62433D0C60096CFD2 /* Config.swift */ = {isa = PBXFileReference; lastKnownFileType = sourcecode.swift; path = Config.swift; sourceTree = "<group>"; };
		0678B267242565D100D4973C /* DM-iOS-Template.app */ = {isa = PBXFileReference; explicitFileType = wrapper.application; includeInIndex = 0; path = "DM-iOS-Template.app"; sourceTree = BUILT_PRODUCTS_DIR; };
		0678B26A242565D100D4973C /* AppDelegate.swift */ = {isa = PBXFileReference; lastKnownFileType = sourcecode.swift; path = AppDelegate.swift; sourceTree = "<group>"; };
		0678B26C242565D100D4973C /* SceneDelegate.swift */ = {isa = PBXFileReference; lastKnownFileType = sourcecode.swift; path = SceneDelegate.swift; sourceTree = "<group>"; };
		0678B26E242565D100D4973C /* SignInViewController.swift */ = {isa = PBXFileReference; lastKnownFileType = sourcecode.swift; path = SignInViewController.swift; sourceTree = "<group>"; };
		0678B271242565D100D4973C /* Base */ = {isa = PBXFileReference; lastKnownFileType = file.storyboard; name = Base; path = Base.lproj/SignIn.storyboard; sourceTree = "<group>"; };
		0678B273242565D200D4973C /* Assets.xcassets */ = {isa = PBXFileReference; lastKnownFileType = folder.assetcatalog; path = Assets.xcassets; sourceTree = "<group>"; };
		0678B276242565D200D4973C /* Base */ = {isa = PBXFileReference; lastKnownFileType = file.storyboard; name = Base; path = Base.lproj/LaunchScreen.storyboard; sourceTree = "<group>"; };
		0678B278242565D200D4973C /* Info.plist */ = {isa = PBXFileReference; lastKnownFileType = text.plist.xml; path = Info.plist; sourceTree = "<group>"; };
		0678B27D242565D200D4973C /* DM-iOS-TemplateTests.xctest */ = {isa = PBXFileReference; explicitFileType = wrapper.cfbundle; includeInIndex = 0; path = "DM-iOS-TemplateTests.xctest"; sourceTree = BUILT_PRODUCTS_DIR; };
		0678B281242565D200D4973C /* PagerTests.swift */ = {isa = PBXFileReference; lastKnownFileType = sourcecode.swift; path = PagerTests.swift; sourceTree = "<group>"; };
		0678B283242565D200D4973C /* Info.plist */ = {isa = PBXFileReference; lastKnownFileType = text.plist.xml; path = Info.plist; sourceTree = "<group>"; };
		06A9C52D242BD8D3004E9D2A /* AppSession.swift */ = {isa = PBXFileReference; lastKnownFileType = sourcecode.swift; path = AppSession.swift; sourceTree = "<group>"; };
		06A9C52F242BD91C004E9D2A /* DefaultsKey.swift */ = {isa = PBXFileReference; lastKnownFileType = sourcecode.swift; path = DefaultsKey.swift; sourceTree = "<group>"; };
		06A9C532242D3879004E9D2A /* JSONDecoderWrapper.swift */ = {isa = PBXFileReference; lastKnownFileType = sourcecode.swift; path = JSONDecoderWrapper.swift; sourceTree = "<group>"; };
		06A9C537242D3FA8004E9D2A /* InterimFeedViewController.swift */ = {isa = PBXFileReference; lastKnownFileType = sourcecode.swift; path = InterimFeedViewController.swift; sourceTree = "<group>"; };
		06A9C539242D400F004E9D2A /* Coordinator.swift */ = {isa = PBXFileReference; lastKnownFileType = sourcecode.swift; path = Coordinator.swift; sourceTree = "<group>"; };
		06A9C53B242D4033004E9D2A /* AppCoordinator.swift */ = {isa = PBXFileReference; lastKnownFileType = sourcecode.swift; path = AppCoordinator.swift; sourceTree = "<group>"; };
		06A9C53D242D4216004E9D2A /* FeedCoordinator.swift */ = {isa = PBXFileReference; lastKnownFileType = sourcecode.swift; path = FeedCoordinator.swift; sourceTree = "<group>"; };
		06A9FB63242A6D9D008B59DE /* NetworkClient.swift */ = {isa = PBXFileReference; lastKnownFileType = sourcecode.swift; path = NetworkClient.swift; sourceTree = "<group>"; };
		06F2EDF7242A849E00E89C5B /* User.swift */ = {isa = PBXFileReference; lastKnownFileType = sourcecode.swift; path = User.swift; sourceTree = "<group>"; };
		06F2EDF9242A867D00E89C5B /* ServerRequestError.swift */ = {isa = PBXFileReference; lastKnownFileType = sourcecode.swift; path = ServerRequestError.swift; sourceTree = "<group>"; };
		5EAC9AC92460AE1C006A2A1F /* NetworkPublisher.swift */ = {isa = PBXFileReference; lastKnownFileType = sourcecode.swift; path = NetworkPublisher.swift; sourceTree = "<group>"; };
		5EAC9ACB2460AE4A006A2A1F /* Creation.swift */ = {isa = PBXFileReference; lastKnownFileType = sourcecode.swift; path = Creation.swift; sourceTree = "<group>"; };
		5EAC9ACE2460AE90006A2A1F /* Photo.swift */ = {isa = PBXFileReference; lastKnownFileType = sourcecode.swift; path = Photo.swift; sourceTree = "<group>"; };
		5EAC9AD02460AF3D006A2A1F /* CreationsListView.swift */ = {isa = PBXFileReference; lastKnownFileType = sourcecode.swift; path = CreationsListView.swift; sourceTree = "<group>"; };
		5EAC9AD22460AF9B006A2A1F /* CreationsListViewModel.swift */ = {isa = PBXFileReference; lastKnownFileType = sourcecode.swift; path = CreationsListViewModel.swift; sourceTree = "<group>"; };
		5EAC9AD42460B26F006A2A1F /* NetworkPublisher+Creations.swift */ = {isa = PBXFileReference; lastKnownFileType = sourcecode.swift; path = "NetworkPublisher+Creations.swift"; sourceTree = "<group>"; };
		5EAC9AD82460B6B0006A2A1F /* CreationsListItemView.swift */ = {isa = PBXFileReference; lastKnownFileType = sourcecode.swift; path = CreationsListItemView.swift; sourceTree = "<group>"; };
		5EAC9ADA2460B746006A2A1F /* CreationDetailsView.swift */ = {isa = PBXFileReference; lastKnownFileType = sourcecode.swift; path = CreationDetailsView.swift; sourceTree = "<group>"; };
		5EAC9ADD2461E6DC006A2A1F /* ImageCache.swift */ = {isa = PBXFileReference; lastKnownFileType = sourcecode.swift; path = ImageCache.swift; sourceTree = "<group>"; };
		5EAC9AE02461E73E006A2A1F /* ImageLoader.swift */ = {isa = PBXFileReference; lastKnownFileType = sourcecode.swift; path = ImageLoader.swift; sourceTree = "<group>"; };
		5EAC9AE22461E7D5006A2A1F /* AsyncImageView.swift */ = {isa = PBXFileReference; lastKnownFileType = sourcecode.swift; path = AsyncImageView.swift; sourceTree = "<group>"; };
		5EAC9AE52461E8C7006A2A1F /* CreationListItemViewModel.swift */ = {isa = PBXFileReference; lastKnownFileType = sourcecode.swift; path = CreationListItemViewModel.swift; sourceTree = "<group>"; };
/* End PBXFileReference section */

/* Begin PBXFrameworksBuildPhase section */
		0678B264242565D000D4973C /* Frameworks */ = {
			isa = PBXFrameworksBuildPhase;
			buildActionMask = 2147483647;
			files = (
			);
			runOnlyForDeploymentPostprocessing = 0;
		};
		0678B27A242565D200D4973C /* Frameworks */ = {
			isa = PBXFrameworksBuildPhase;
			buildActionMask = 2147483647;
			files = (
			);
			runOnlyForDeploymentPostprocessing = 0;
		};
/* End PBXFrameworksBuildPhase section */

/* Begin PBXGroup section */
		0676B5F22433CB840096CFD2 /* Configs */ = {
			isa = PBXGroup;
			children = (
				0678B278242565D200D4973C /* Info.plist */,
				0676B5F32433CC650096CFD2 /* Development-Example.xcconfig */,
				0676B5F42433CC850096CFD2 /* Staging-Example.xcconfig */,
				0676B5F52433CC960096CFD2 /* Production-Example.xcconfig */,
				0676B5F62433D0C60096CFD2 /* Config.swift */,
			);
			path = Configs;
			sourceTree = "<group>";
		};
		0678B25E242565D000D4973C = {
			isa = PBXGroup;
			children = (
				0678B269242565D100D4973C /* DM-iOS-Template */,
				0678B280242565D200D4973C /* DM-iOS-TemplateTests */,
				0678B268242565D100D4973C /* Products */,
			);
			sourceTree = "<group>";
		};
		0678B268242565D100D4973C /* Products */ = {
			isa = PBXGroup;
			children = (
				0678B267242565D100D4973C /* DM-iOS-Template.app */,
				0678B27D242565D200D4973C /* DM-iOS-TemplateTests.xctest */,
			);
			name = Products;
			sourceTree = "<group>";
		};
		0678B269242565D100D4973C /* DM-iOS-Template */ = {
			isa = PBXGroup;
			children = (
				5EAC9AC72460ADDF006A2A1F /* Creations */,
				0676B5F22433CB840096CFD2 /* Configs */,
				06A9C536242D3F8D004E9D2A /* InterimFeed */,
				06A9C531242D3855004E9D2A /* Utility */,
				06A9C52C242BD8C1004E9D2A /* Base */,
				06F2EDF6242A848600E89C5B /* Models */,
				06A9FB62242A6D37008B59DE /* Network */,
				06A9FB61242A5AEF008B59DE /* Sign In */,
				0678B273242565D200D4973C /* Assets.xcassets */,
				0678B275242565D200D4973C /* LaunchScreen.storyboard */,
			);
			path = "DM-iOS-Template";
			sourceTree = "<group>";
		};
		0678B280242565D200D4973C /* DM-iOS-TemplateTests */ = {
			isa = PBXGroup;
			children = (
				0678B281242565D200D4973C /* PagerTests.swift */,
				0678B283242565D200D4973C /* Info.plist */,
			);
			path = "DM-iOS-TemplateTests";
			sourceTree = "<group>";
		};
		06A9C52C242BD8C1004E9D2A /* Base */ = {
			isa = PBXGroup;
			children = (
				06A9C53B242D4033004E9D2A /* AppCoordinator.swift */,
				0678B26A242565D100D4973C /* AppDelegate.swift */,
				06A9C52D242BD8D3004E9D2A /* AppSession.swift */,
				0678B26C242565D100D4973C /* SceneDelegate.swift */,
			);
			path = Base;
			sourceTree = "<group>";
		};
		06A9C531242D3855004E9D2A /* Utility */ = {
			isa = PBXGroup;
			children = (
				5EAC9ADC2461E6D2006A2A1F /* Images */,
				06A9C539242D400F004E9D2A /* Coordinator.swift */,
				06A9C52F242BD91C004E9D2A /* DefaultsKey.swift */,
				06A9C532242D3879004E9D2A /* JSONDecoderWrapper.swift */,
				065867A1242E8D7E00AB793B /* Storyboarded.swift */,
				0676B5E42432A3B30096CFD2 /* ViewModeled.swift */,
			);
			path = Utility;
			sourceTree = "<group>";
		};
		06A9C536242D3F8D004E9D2A /* InterimFeed */ = {
			isa = PBXGroup;
			children = (
				06A9C537242D3FA8004E9D2A /* InterimFeedViewController.swift */,
				06A9C53D242D4216004E9D2A /* FeedCoordinator.swift */,
			);
			path = InterimFeed;
			sourceTree = "<group>";
		};
		06A9FB61242A5AEF008B59DE /* Sign In */ = {
			isa = PBXGroup;
			children = (
				0678B26E242565D100D4973C /* SignInViewController.swift */,
				0678B270242565D100D4973C /* SignIn.storyboard */,
				066293BB242D4CB000432B46 /* SignInCoordinator.swift */,
				0676B5E02432566D0096CFD2 /* SignInViewModel.swift */,
			);
			path = "Sign In";
			sourceTree = "<group>";
		};
		06A9FB62242A6D37008B59DE /* Network */ = {
			isa = PBXGroup;
			children = (
				06A9FB63242A6D9D008B59DE /* NetworkClient.swift */,
				065867A3242EA07100AB793B /* ErrorResponse.swift */,
				5EAC9AC92460AE1C006A2A1F /* NetworkPublisher.swift */,
			);
			path = Network;
			sourceTree = "<group>";
		};
		06F2EDF6242A848600E89C5B /* Models */ = {
			isa = PBXGroup;
			children = (
				06F2EDF9242A867D00E89C5B /* ServerRequestError.swift */,
				06F2EDF7242A849E00E89C5B /* User.swift */,
				5EAC9ACB2460AE4A006A2A1F /* Creation.swift */,
				5EAC9ACE2460AE90006A2A1F /* Photo.swift */,
			);
			path = Models;
			sourceTree = "<group>";
		};
		5E692F4324644B2F00927FFB /* CreationsList */ = {
			isa = PBXGroup;
			children = (
				5EAC9AD22460AF9B006A2A1F /* CreationsListViewModel.swift */,
				5EAC9AD02460AF3D006A2A1F /* CreationsListView.swift */,
			);
			path = CreationsList;
			sourceTree = "<group>";
		};
		5E692F4424644B4100927FFB /* CreationsListItem */ = {
			isa = PBXGroup;
			children = (
				5EAC9AD82460B6B0006A2A1F /* CreationsListItemView.swift */,
				5EAC9AE52461E8C7006A2A1F /* CreationListItemViewModel.swift */,
			);
			path = CreationsListItem;
			sourceTree = "<group>";
		};
		5E692F4524644B5200927FFB /* CreationDetails */ = {
			isa = PBXGroup;
			children = (
				5EAC9ADA2460B746006A2A1F /* CreationDetailsView.swift */,
			);
			path = CreationDetails;
			sourceTree = "<group>";
		};
		5EAC9AC72460ADDF006A2A1F /* Creations */ = {
			isa = PBXGroup;
			children = (
				5E692F4524644B5200927FFB /* CreationDetails */,
				5E692F4424644B4100927FFB /* CreationsListItem */,
				5E692F4324644B2F00927FFB /* CreationsList */,
				5EAC9AD42460B26F006A2A1F /* NetworkPublisher+Creations.swift */,
			);
			path = Creations;
			sourceTree = "<group>";
		};
		5EAC9ADC2461E6D2006A2A1F /* Images */ = {
			isa = PBXGroup;
			children = (
				5EAC9ADD2461E6DC006A2A1F /* ImageCache.swift */,
				5EAC9AE02461E73E006A2A1F /* ImageLoader.swift */,
				5EAC9AE22461E7D5006A2A1F /* AsyncImageView.swift */,
			);
			path = Images;
			sourceTree = "<group>";
		};
/* End PBXGroup section */

/* Begin PBXNativeTarget section */
		0678B266242565D000D4973C /* DM-iOS-Template */ = {
			isa = PBXNativeTarget;
			buildConfigurationList = 0678B286242565D200D4973C /* Build configuration list for PBXNativeTarget "DM-iOS-Template" */;
			buildPhases = (
				0678B263242565D000D4973C /* Sources */,
				0678B264242565D000D4973C /* Frameworks */,
				0678B265242565D000D4973C /* Resources */,
			);
			buildRules = (
			);
			dependencies = (
			);
			name = "DM-iOS-Template";
			productName = Pager;
			productReference = 0678B267242565D100D4973C /* DM-iOS-Template.app */;
			productType = "com.apple.product-type.application";
		};
		0678B27C242565D200D4973C /* DM-iOS-TemplateTests */ = {
			isa = PBXNativeTarget;
			buildConfigurationList = 0678B289242565D200D4973C /* Build configuration list for PBXNativeTarget "DM-iOS-TemplateTests" */;
			buildPhases = (
				0678B279242565D200D4973C /* Sources */,
				0678B27A242565D200D4973C /* Frameworks */,
				0678B27B242565D200D4973C /* Resources */,
			);
			buildRules = (
			);
			dependencies = (
				0678B27F242565D200D4973C /* PBXTargetDependency */,
			);
			name = "DM-iOS-TemplateTests";
			productName = PagerTests;
			productReference = 0678B27D242565D200D4973C /* DM-iOS-TemplateTests.xctest */;
			productType = "com.apple.product-type.bundle.unit-test";
		};
/* End PBXNativeTarget section */

/* Begin PBXProject section */
		0678B25F242565D000D4973C /* Project object */ = {
			isa = PBXProject;
			attributes = {
				LastSwiftUpdateCheck = 1100;
				LastUpgradeCheck = 1100;
				ORGANIZATIONNAME = PagerXYZ;
				TargetAttributes = {
					0678B266242565D000D4973C = {
						CreatedOnToolsVersion = 11.0;
					};
					0678B27C242565D200D4973C = {
						CreatedOnToolsVersion = 11.0;
						TestTargetID = 0678B266242565D000D4973C;
					};
				};
			};
			buildConfigurationList = 0678B262242565D000D4973C /* Build configuration list for PBXProject "DM-iOS-Template" */;
			compatibilityVersion = "Xcode 9.3";
			developmentRegion = en;
			hasScannedForEncodings = 0;
			knownRegions = (
				en,
				Base,
			);
			mainGroup = 0678B25E242565D000D4973C;
			productRefGroup = 0678B268242565D100D4973C /* Products */;
			projectDirPath = "";
			projectRoot = "";
			targets = (
				0678B266242565D000D4973C /* DM-iOS-Template */,
				0678B27C242565D200D4973C /* DM-iOS-TemplateTests */,
			);
		};
/* End PBXProject section */

/* Begin PBXResourcesBuildPhase section */
		0678B265242565D000D4973C /* Resources */ = {
			isa = PBXResourcesBuildPhase;
			buildActionMask = 2147483647;
			files = (
				0678B277242565D200D4973C /* LaunchScreen.storyboard in Resources */,
				0678B274242565D200D4973C /* Assets.xcassets in Resources */,
				0678B272242565D100D4973C /* SignIn.storyboard in Resources */,
			);
			runOnlyForDeploymentPostprocessing = 0;
		};
		0678B27B242565D200D4973C /* Resources */ = {
			isa = PBXResourcesBuildPhase;
			buildActionMask = 2147483647;
			files = (
			);
			runOnlyForDeploymentPostprocessing = 0;
		};
/* End PBXResourcesBuildPhase section */

/* Begin PBXSourcesBuildPhase section */
		0678B263242565D000D4973C /* Sources */ = {
			isa = PBXSourcesBuildPhase;
			buildActionMask = 2147483647;
			files = (
				06A9C53C242D4033004E9D2A /* AppCoordinator.swift in Sources */,
				0678B26F242565D100D4973C /* SignInViewController.swift in Sources */,
				065867A2242E8D7E00AB793B /* Storyboarded.swift in Sources */,
				5EAC9AE12461E73E006A2A1F /* ImageLoader.swift in Sources */,
				06A9C538242D3FA8004E9D2A /* InterimFeedViewController.swift in Sources */,
				0678B26B242565D100D4973C /* AppDelegate.swift in Sources */,
				066293BC242D4CB000432B46 /* SignInCoordinator.swift in Sources */,
				06A9C52E242BD8D3004E9D2A /* AppSession.swift in Sources */,
				06A9C533242D3879004E9D2A /* JSONDecoderWrapper.swift in Sources */,
				0678B26D242565D100D4973C /* SceneDelegate.swift in Sources */,
				0676B5E52432A3B30096CFD2 /* ViewModeled.swift in Sources */,
				0676B5E12432566D0096CFD2 /* SignInViewModel.swift in Sources */,
				065867A4242EA07100AB793B /* ErrorResponse.swift in Sources */,
				5EAC9ACC2460AE4A006A2A1F /* Creation.swift in Sources */,
				5EAC9AD12460AF3D006A2A1F /* CreationsListView.swift in Sources */,
				5EAC9ADB2460B746006A2A1F /* CreationDetailsView.swift in Sources */,
				5EAC9AD92460B6B0006A2A1F /* CreationsListItemView.swift in Sources */,
				5EAC9AE62461E8C7006A2A1F /* CreationListItemViewModel.swift in Sources */,
				06F2EDF8242A849E00E89C5B /* User.swift in Sources */,
				5EAC9AD52460B26F006A2A1F /* NetworkPublisher+Creations.swift in Sources */,
				5EAC9AD32460AF9B006A2A1F /* CreationsListViewModel.swift in Sources */,
				5EAC9ACA2460AE1C006A2A1F /* NetworkPublisher.swift in Sources */,
				06A9C530242BD91C004E9D2A /* DefaultsKey.swift in Sources */,
				06A9C53E242D4216004E9D2A /* FeedCoordinator.swift in Sources */,
				5EAC9AE32461E7D5006A2A1F /* AsyncImageView.swift in Sources */,
				0676B5F72433D0C60096CFD2 /* Config.swift in Sources */,
				5EAC9ACF2460AE90006A2A1F /* Photo.swift in Sources */,
				06F2EDFA242A867D00E89C5B /* ServerRequestError.swift in Sources */,
				06A9C53A242D400F004E9D2A /* Coordinator.swift in Sources */,
				5EAC9ADE2461E6DC006A2A1F /* ImageCache.swift in Sources */,
				06A9FB64242A6D9D008B59DE /* NetworkClient.swift in Sources */,
			);
			runOnlyForDeploymentPostprocessing = 0;
		};
		0678B279242565D200D4973C /* Sources */ = {
			isa = PBXSourcesBuildPhase;
			buildActionMask = 2147483647;
			files = (
				0678B282242565D200D4973C /* PagerTests.swift in Sources */,
			);
			runOnlyForDeploymentPostprocessing = 0;
		};
/* End PBXSourcesBuildPhase section */

/* Begin PBXTargetDependency section */
		0678B27F242565D200D4973C /* PBXTargetDependency */ = {
			isa = PBXTargetDependency;
			target = 0678B266242565D000D4973C /* DM-iOS-Template */;
			targetProxy = 0678B27E242565D200D4973C /* PBXContainerItemProxy */;
		};
/* End PBXTargetDependency section */

/* Begin PBXVariantGroup section */
		0678B270242565D100D4973C /* SignIn.storyboard */ = {
			isa = PBXVariantGroup;
			children = (
				0678B271242565D100D4973C /* Base */,
			);
			name = SignIn.storyboard;
			sourceTree = "<group>";
		};
		0678B275242565D200D4973C /* LaunchScreen.storyboard */ = {
			isa = PBXVariantGroup;
			children = (
				0678B276242565D200D4973C /* Base */,
			);
			name = LaunchScreen.storyboard;
			sourceTree = "<group>";
		};
/* End PBXVariantGroup section */

/* Begin XCBuildConfiguration section */
		0676B5E62433C5B20096CFD2 /* Debug (Production) */ = {
			isa = XCBuildConfiguration;
			baseConfigurationReference = 0676B5F52433CC960096CFD2 /* Production-Example.xcconfig */;
			buildSettings = {
				ALWAYS_SEARCH_USER_PATHS = NO;
				CLANG_ANALYZER_NONNULL = YES;
				CLANG_ANALYZER_NUMBER_OBJECT_CONVERSION = YES_AGGRESSIVE;
				CLANG_CXX_LANGUAGE_STANDARD = "gnu++14";
				CLANG_CXX_LIBRARY = "libc++";
				CLANG_ENABLE_MODULES = YES;
				CLANG_ENABLE_OBJC_ARC = YES;
				CLANG_ENABLE_OBJC_WEAK = YES;
				CLANG_WARN_BLOCK_CAPTURE_AUTORELEASING = YES;
				CLANG_WARN_BOOL_CONVERSION = YES;
				CLANG_WARN_COMMA = YES;
				CLANG_WARN_CONSTANT_CONVERSION = YES;
				CLANG_WARN_DEPRECATED_OBJC_IMPLEMENTATIONS = YES;
				CLANG_WARN_DIRECT_OBJC_ISA_USAGE = YES_ERROR;
				CLANG_WARN_DOCUMENTATION_COMMENTS = YES;
				CLANG_WARN_EMPTY_BODY = YES;
				CLANG_WARN_ENUM_CONVERSION = YES;
				CLANG_WARN_INFINITE_RECURSION = YES;
				CLANG_WARN_INT_CONVERSION = YES;
				CLANG_WARN_NON_LITERAL_NULL_CONVERSION = YES;
				CLANG_WARN_OBJC_IMPLICIT_RETAIN_SELF = YES;
				CLANG_WARN_OBJC_LITERAL_CONVERSION = YES;
				CLANG_WARN_OBJC_ROOT_CLASS = YES_ERROR;
				CLANG_WARN_RANGE_LOOP_ANALYSIS = YES;
				CLANG_WARN_STRICT_PROTOTYPES = YES;
				CLANG_WARN_SUSPICIOUS_MOVE = YES;
				CLANG_WARN_UNGUARDED_AVAILABILITY = YES_AGGRESSIVE;
				CLANG_WARN_UNREACHABLE_CODE = YES;
				CLANG_WARN__DUPLICATE_METHOD_MATCH = YES;
				COPY_PHASE_STRIP = NO;
				DEBUG_INFORMATION_FORMAT = dwarf;
				ENABLE_STRICT_OBJC_MSGSEND = YES;
				ENABLE_TESTABILITY = YES;
				GCC_C_LANGUAGE_STANDARD = gnu11;
				GCC_DYNAMIC_NO_PIC = NO;
				GCC_NO_COMMON_BLOCKS = YES;
				GCC_OPTIMIZATION_LEVEL = 0;
				GCC_PREPROCESSOR_DEFINITIONS = (
					"DEBUG=1",
					"$(inherited)",
				);
				GCC_WARN_64_TO_32_BIT_CONVERSION = YES;
				GCC_WARN_ABOUT_RETURN_TYPE = YES_ERROR;
				GCC_WARN_UNDECLARED_SELECTOR = YES;
				GCC_WARN_UNINITIALIZED_AUTOS = YES_AGGRESSIVE;
				GCC_WARN_UNUSED_FUNCTION = YES;
				GCC_WARN_UNUSED_VARIABLE = YES;
				IPHONEOS_DEPLOYMENT_TARGET = 13.0;
				MTL_ENABLE_DEBUG_INFO = INCLUDE_SOURCE;
				MTL_FAST_MATH = YES;
				ONLY_ACTIVE_ARCH = YES;
				SDKROOT = iphoneos;
				SWIFT_ACTIVE_COMPILATION_CONDITIONS = DEBUG;
				SWIFT_OPTIMIZATION_LEVEL = "-Onone";
			};
			name = "Debug (Production)";
		};
		0676B5E72433C5B20096CFD2 /* Debug (Production) */ = {
			isa = XCBuildConfiguration;
			baseConfigurationReference = 0676B5F52433CC960096CFD2 /* Production-Example.xcconfig */;
			buildSettings = {
				ASSETCATALOG_COMPILER_APPICON_NAME = AppIcon;
				CODE_SIGN_STYLE = Automatic;
				DEVELOPMENT_TEAM = 4K2JRLM6Q3;
				INFOPLIST_FILE = "DM-iOS-Template/Configs/Info.plist";
				LD_RUNPATH_SEARCH_PATHS = (
					"$(inherited)",
					"@executable_path/Frameworks",
				);
				PRODUCT_BUNDLE_IDENTIFIER = "com.defmethod.DM-iOS-Template";
				PRODUCT_NAME = "DM-iOS-Template";
				SWIFT_VERSION = 5.0;
				TARGETED_DEVICE_FAMILY = 1;
			};
			name = "Debug (Production)";
		};
		0676B5E82433C5B20096CFD2 /* Debug (Production) */ = {
			isa = XCBuildConfiguration;
			baseConfigurationReference = 0676B5F52433CC960096CFD2 /* Production-Example.xcconfig */;
			buildSettings = {
				ALWAYS_EMBED_SWIFT_STANDARD_LIBRARIES = YES;
				BUNDLE_LOADER = "$(TEST_HOST)";
				CODE_SIGN_STYLE = Automatic;
				DEVELOPMENT_TEAM = 8XK7M74ULJ;
				INFOPLIST_FILE = "DM-iOS-TemplateTests/Info.plist";
				IPHONEOS_DEPLOYMENT_TARGET = 13.0;
				LD_RUNPATH_SEARCH_PATHS = (
					"$(inherited)",
					"@executable_path/Frameworks",
					"@loader_path/Frameworks",
				);
				PRODUCT_BUNDLE_IDENTIFIER = "com.yisselda.DM-iOS-TemplateTests";
				PRODUCT_NAME = "$(TARGET_NAME)";
				SWIFT_VERSION = 5.0;
				TARGETED_DEVICE_FAMILY = "1,2";
				TEST_HOST = "$(BUILT_PRODUCTS_DIR)/DM-iOS-Template.app/DM-iOS-Template";
			};
			name = "Debug (Production)";
		};
		0676B5E92433C5D20096CFD2 /* Debug (Staging) */ = {
			isa = XCBuildConfiguration;
			baseConfigurationReference = 0676B5F42433CC850096CFD2 /* Staging-Example.xcconfig */;
			buildSettings = {
				ALWAYS_SEARCH_USER_PATHS = NO;
				CLANG_ANALYZER_NONNULL = YES;
				CLANG_ANALYZER_NUMBER_OBJECT_CONVERSION = YES_AGGRESSIVE;
				CLANG_CXX_LANGUAGE_STANDARD = "gnu++14";
				CLANG_CXX_LIBRARY = "libc++";
				CLANG_ENABLE_MODULES = YES;
				CLANG_ENABLE_OBJC_ARC = YES;
				CLANG_ENABLE_OBJC_WEAK = YES;
				CLANG_WARN_BLOCK_CAPTURE_AUTORELEASING = YES;
				CLANG_WARN_BOOL_CONVERSION = YES;
				CLANG_WARN_COMMA = YES;
				CLANG_WARN_CONSTANT_CONVERSION = YES;
				CLANG_WARN_DEPRECATED_OBJC_IMPLEMENTATIONS = YES;
				CLANG_WARN_DIRECT_OBJC_ISA_USAGE = YES_ERROR;
				CLANG_WARN_DOCUMENTATION_COMMENTS = YES;
				CLANG_WARN_EMPTY_BODY = YES;
				CLANG_WARN_ENUM_CONVERSION = YES;
				CLANG_WARN_INFINITE_RECURSION = YES;
				CLANG_WARN_INT_CONVERSION = YES;
				CLANG_WARN_NON_LITERAL_NULL_CONVERSION = YES;
				CLANG_WARN_OBJC_IMPLICIT_RETAIN_SELF = YES;
				CLANG_WARN_OBJC_LITERAL_CONVERSION = YES;
				CLANG_WARN_OBJC_ROOT_CLASS = YES_ERROR;
				CLANG_WARN_RANGE_LOOP_ANALYSIS = YES;
				CLANG_WARN_STRICT_PROTOTYPES = YES;
				CLANG_WARN_SUSPICIOUS_MOVE = YES;
				CLANG_WARN_UNGUARDED_AVAILABILITY = YES_AGGRESSIVE;
				CLANG_WARN_UNREACHABLE_CODE = YES;
				CLANG_WARN__DUPLICATE_METHOD_MATCH = YES;
				COPY_PHASE_STRIP = NO;
				DEBUG_INFORMATION_FORMAT = dwarf;
				ENABLE_STRICT_OBJC_MSGSEND = YES;
				ENABLE_TESTABILITY = YES;
				GCC_C_LANGUAGE_STANDARD = gnu11;
				GCC_DYNAMIC_NO_PIC = NO;
				GCC_NO_COMMON_BLOCKS = YES;
				GCC_OPTIMIZATION_LEVEL = 0;
				GCC_PREPROCESSOR_DEFINITIONS = (
					"DEBUG=1",
					"$(inherited)",
				);
				GCC_WARN_64_TO_32_BIT_CONVERSION = YES;
				GCC_WARN_ABOUT_RETURN_TYPE = YES_ERROR;
				GCC_WARN_UNDECLARED_SELECTOR = YES;
				GCC_WARN_UNINITIALIZED_AUTOS = YES_AGGRESSIVE;
				GCC_WARN_UNUSED_FUNCTION = YES;
				GCC_WARN_UNUSED_VARIABLE = YES;
				IPHONEOS_DEPLOYMENT_TARGET = 13.0;
				MTL_ENABLE_DEBUG_INFO = INCLUDE_SOURCE;
				MTL_FAST_MATH = YES;
				ONLY_ACTIVE_ARCH = YES;
				SDKROOT = iphoneos;
				SWIFT_ACTIVE_COMPILATION_CONDITIONS = DEBUG;
				SWIFT_OPTIMIZATION_LEVEL = "-Onone";
			};
			name = "Debug (Staging)";
		};
		0676B5EA2433C5D20096CFD2 /* Debug (Staging) */ = {
			isa = XCBuildConfiguration;
			baseConfigurationReference = 0676B5F42433CC850096CFD2 /* Staging-Example.xcconfig */;
			buildSettings = {
				ASSETCATALOG_COMPILER_APPICON_NAME = AppIcon;
				CODE_SIGN_STYLE = Automatic;
				DEVELOPMENT_TEAM = 4K2JRLM6Q3;
				INFOPLIST_FILE = "DM-iOS-Template/Configs/Info.plist";
				LD_RUNPATH_SEARCH_PATHS = (
					"$(inherited)",
					"@executable_path/Frameworks",
				);
				PRODUCT_BUNDLE_IDENTIFIER = "com.defmethod.DM-iOS-Template";
				PRODUCT_NAME = "DM-iOS-Template";
				SWIFT_VERSION = 5.0;
				TARGETED_DEVICE_FAMILY = 1;
			};
			name = "Debug (Staging)";
		};
		0676B5EB2433C5D20096CFD2 /* Debug (Staging) */ = {
			isa = XCBuildConfiguration;
			baseConfigurationReference = 0676B5F42433CC850096CFD2 /* Staging-Example.xcconfig */;
			buildSettings = {
				ALWAYS_EMBED_SWIFT_STANDARD_LIBRARIES = YES;
				BUNDLE_LOADER = "$(TEST_HOST)";
				CODE_SIGN_STYLE = Automatic;
				DEVELOPMENT_TEAM = 8XK7M74ULJ;
				INFOPLIST_FILE = "DM-iOS-TemplateTests/Info.plist";
				IPHONEOS_DEPLOYMENT_TARGET = 13.0;
				LD_RUNPATH_SEARCH_PATHS = (
					"$(inherited)",
					"@executable_path/Frameworks",
					"@loader_path/Frameworks",
				);
				PRODUCT_BUNDLE_IDENTIFIER = "com.yisselda.DM-iOS-TemplateTests";
				PRODUCT_NAME = "$(TARGET_NAME)";
				SWIFT_VERSION = 5.0;
				TARGETED_DEVICE_FAMILY = "1,2";
				TEST_HOST = "$(BUILT_PRODUCTS_DIR)/DM-iOS-Template.app/DM-iOS-Template";
			};
			name = "Debug (Staging)";
		};
		0676B5EC2433C6210096CFD2 /* Release (Staging) */ = {
			isa = XCBuildConfiguration;
			baseConfigurationReference = 0676B5F42433CC850096CFD2 /* Staging-Example.xcconfig */;
			buildSettings = {
				ALWAYS_SEARCH_USER_PATHS = NO;
				CLANG_ANALYZER_NONNULL = YES;
				CLANG_ANALYZER_NUMBER_OBJECT_CONVERSION = YES_AGGRESSIVE;
				CLANG_CXX_LANGUAGE_STANDARD = "gnu++14";
				CLANG_CXX_LIBRARY = "libc++";
				CLANG_ENABLE_MODULES = YES;
				CLANG_ENABLE_OBJC_ARC = YES;
				CLANG_ENABLE_OBJC_WEAK = YES;
				CLANG_WARN_BLOCK_CAPTURE_AUTORELEASING = YES;
				CLANG_WARN_BOOL_CONVERSION = YES;
				CLANG_WARN_COMMA = YES;
				CLANG_WARN_CONSTANT_CONVERSION = YES;
				CLANG_WARN_DEPRECATED_OBJC_IMPLEMENTATIONS = YES;
				CLANG_WARN_DIRECT_OBJC_ISA_USAGE = YES_ERROR;
				CLANG_WARN_DOCUMENTATION_COMMENTS = YES;
				CLANG_WARN_EMPTY_BODY = YES;
				CLANG_WARN_ENUM_CONVERSION = YES;
				CLANG_WARN_INFINITE_RECURSION = YES;
				CLANG_WARN_INT_CONVERSION = YES;
				CLANG_WARN_NON_LITERAL_NULL_CONVERSION = YES;
				CLANG_WARN_OBJC_IMPLICIT_RETAIN_SELF = YES;
				CLANG_WARN_OBJC_LITERAL_CONVERSION = YES;
				CLANG_WARN_OBJC_ROOT_CLASS = YES_ERROR;
				CLANG_WARN_RANGE_LOOP_ANALYSIS = YES;
				CLANG_WARN_STRICT_PROTOTYPES = YES;
				CLANG_WARN_SUSPICIOUS_MOVE = YES;
				CLANG_WARN_UNGUARDED_AVAILABILITY = YES_AGGRESSIVE;
				CLANG_WARN_UNREACHABLE_CODE = YES;
				CLANG_WARN__DUPLICATE_METHOD_MATCH = YES;
				COPY_PHASE_STRIP = NO;
				DEBUG_INFORMATION_FORMAT = "dwarf-with-dsym";
				ENABLE_NS_ASSERTIONS = NO;
				ENABLE_STRICT_OBJC_MSGSEND = YES;
				GCC_C_LANGUAGE_STANDARD = gnu11;
				GCC_NO_COMMON_BLOCKS = YES;
				GCC_WARN_64_TO_32_BIT_CONVERSION = YES;
				GCC_WARN_ABOUT_RETURN_TYPE = YES_ERROR;
				GCC_WARN_UNDECLARED_SELECTOR = YES;
				GCC_WARN_UNINITIALIZED_AUTOS = YES_AGGRESSIVE;
				GCC_WARN_UNUSED_FUNCTION = YES;
				GCC_WARN_UNUSED_VARIABLE = YES;
				IPHONEOS_DEPLOYMENT_TARGET = 13.0;
				MTL_ENABLE_DEBUG_INFO = NO;
				MTL_FAST_MATH = YES;
				SDKROOT = iphoneos;
				SWIFT_COMPILATION_MODE = wholemodule;
				SWIFT_OPTIMIZATION_LEVEL = "-O";
				VALIDATE_PRODUCT = YES;
			};
			name = "Release (Staging)";
		};
		0676B5ED2433C6210096CFD2 /* Release (Staging) */ = {
			isa = XCBuildConfiguration;
			baseConfigurationReference = 0676B5F42433CC850096CFD2 /* Staging-Example.xcconfig */;
			buildSettings = {
				ASSETCATALOG_COMPILER_APPICON_NAME = AppIcon;
				CODE_SIGN_STYLE = Automatic;
				DEVELOPMENT_TEAM = 4K2JRLM6Q3;
				INFOPLIST_FILE = "DM-iOS-Template/Configs/Info.plist";
				LD_RUNPATH_SEARCH_PATHS = (
					"$(inherited)",
					"@executable_path/Frameworks",
				);
				PRODUCT_BUNDLE_IDENTIFIER = "com.defmethod.DM-iOS-Template";
				PRODUCT_NAME = "DM-iOS-Template";
				SWIFT_VERSION = 5.0;
				TARGETED_DEVICE_FAMILY = 1;
			};
			name = "Release (Staging)";
		};
		0676B5EE2433C6210096CFD2 /* Release (Staging) */ = {
			isa = XCBuildConfiguration;
			baseConfigurationReference = 0676B5F42433CC850096CFD2 /* Staging-Example.xcconfig */;
			buildSettings = {
				ALWAYS_EMBED_SWIFT_STANDARD_LIBRARIES = YES;
				BUNDLE_LOADER = "$(TEST_HOST)";
				CODE_SIGN_STYLE = Automatic;
				DEVELOPMENT_TEAM = 8XK7M74ULJ;
				INFOPLIST_FILE = "DM-iOS-TemplateTests/Info.plist";
				IPHONEOS_DEPLOYMENT_TARGET = 13.0;
				LD_RUNPATH_SEARCH_PATHS = (
					"$(inherited)",
					"@executable_path/Frameworks",
					"@loader_path/Frameworks",
				);
				PRODUCT_BUNDLE_IDENTIFIER = "com.yisselda.DM-iOS-TemplateTests";
				PRODUCT_NAME = "$(TARGET_NAME)";
				SWIFT_VERSION = 5.0;
				TARGETED_DEVICE_FAMILY = "1,2";
				TEST_HOST = "$(BUILT_PRODUCTS_DIR)/DM-iOS-Template.app/DM-iOS-Template";
			};
			name = "Release (Staging)";
		};
		0676B5EF2433C6230096CFD2 /* Release (Production) */ = {
			isa = XCBuildConfiguration;
			baseConfigurationReference = 0676B5F52433CC960096CFD2 /* Production-Example.xcconfig */;
			buildSettings = {
				ALWAYS_SEARCH_USER_PATHS = NO;
				CLANG_ANALYZER_NONNULL = YES;
				CLANG_ANALYZER_NUMBER_OBJECT_CONVERSION = YES_AGGRESSIVE;
				CLANG_CXX_LANGUAGE_STANDARD = "gnu++14";
				CLANG_CXX_LIBRARY = "libc++";
				CLANG_ENABLE_MODULES = YES;
				CLANG_ENABLE_OBJC_ARC = YES;
				CLANG_ENABLE_OBJC_WEAK = YES;
				CLANG_WARN_BLOCK_CAPTURE_AUTORELEASING = YES;
				CLANG_WARN_BOOL_CONVERSION = YES;
				CLANG_WARN_COMMA = YES;
				CLANG_WARN_CONSTANT_CONVERSION = YES;
				CLANG_WARN_DEPRECATED_OBJC_IMPLEMENTATIONS = YES;
				CLANG_WARN_DIRECT_OBJC_ISA_USAGE = YES_ERROR;
				CLANG_WARN_DOCUMENTATION_COMMENTS = YES;
				CLANG_WARN_EMPTY_BODY = YES;
				CLANG_WARN_ENUM_CONVERSION = YES;
				CLANG_WARN_INFINITE_RECURSION = YES;
				CLANG_WARN_INT_CONVERSION = YES;
				CLANG_WARN_NON_LITERAL_NULL_CONVERSION = YES;
				CLANG_WARN_OBJC_IMPLICIT_RETAIN_SELF = YES;
				CLANG_WARN_OBJC_LITERAL_CONVERSION = YES;
				CLANG_WARN_OBJC_ROOT_CLASS = YES_ERROR;
				CLANG_WARN_RANGE_LOOP_ANALYSIS = YES;
				CLANG_WARN_STRICT_PROTOTYPES = YES;
				CLANG_WARN_SUSPICIOUS_MOVE = YES;
				CLANG_WARN_UNGUARDED_AVAILABILITY = YES_AGGRESSIVE;
				CLANG_WARN_UNREACHABLE_CODE = YES;
				CLANG_WARN__DUPLICATE_METHOD_MATCH = YES;
				COPY_PHASE_STRIP = NO;
				DEBUG_INFORMATION_FORMAT = "dwarf-with-dsym";
				ENABLE_NS_ASSERTIONS = NO;
				ENABLE_STRICT_OBJC_MSGSEND = YES;
				GCC_C_LANGUAGE_STANDARD = gnu11;
				GCC_NO_COMMON_BLOCKS = YES;
				GCC_WARN_64_TO_32_BIT_CONVERSION = YES;
				GCC_WARN_ABOUT_RETURN_TYPE = YES_ERROR;
				GCC_WARN_UNDECLARED_SELECTOR = YES;
				GCC_WARN_UNINITIALIZED_AUTOS = YES_AGGRESSIVE;
				GCC_WARN_UNUSED_FUNCTION = YES;
				GCC_WARN_UNUSED_VARIABLE = YES;
				IPHONEOS_DEPLOYMENT_TARGET = 13.0;
				MTL_ENABLE_DEBUG_INFO = NO;
				MTL_FAST_MATH = YES;
				SDKROOT = iphoneos;
				SWIFT_COMPILATION_MODE = wholemodule;
				SWIFT_OPTIMIZATION_LEVEL = "-O";
				VALIDATE_PRODUCT = YES;
			};
			name = "Release (Production)";
		};
		0676B5F02433C6230096CFD2 /* Release (Production) */ = {
			isa = XCBuildConfiguration;
			baseConfigurationReference = 0676B5F52433CC960096CFD2 /* Production-Example.xcconfig */;
			buildSettings = {
				ASSETCATALOG_COMPILER_APPICON_NAME = AppIcon;
				CODE_SIGN_STYLE = Automatic;
				DEVELOPMENT_TEAM = 4K2JRLM6Q3;
				INFOPLIST_FILE = "DM-iOS-Template/Configs/Info.plist";
				LD_RUNPATH_SEARCH_PATHS = (
					"$(inherited)",
					"@executable_path/Frameworks",
				);
				PRODUCT_BUNDLE_IDENTIFIER = "com.defmethod.DM-iOS-Template";
				PRODUCT_NAME = "DM-iOS-Template";
				SWIFT_VERSION = 5.0;
				TARGETED_DEVICE_FAMILY = 1;
			};
			name = "Release (Production)";
		};
		0676B5F12433C6230096CFD2 /* Release (Production) */ = {
			isa = XCBuildConfiguration;
			baseConfigurationReference = 0676B5F52433CC960096CFD2 /* Production-Example.xcconfig */;
			buildSettings = {
				ALWAYS_EMBED_SWIFT_STANDARD_LIBRARIES = YES;
				BUNDLE_LOADER = "$(TEST_HOST)";
				CODE_SIGN_STYLE = Automatic;
				DEVELOPMENT_TEAM = 8XK7M74ULJ;
				INFOPLIST_FILE = "DM-iOS-TemplateTests/Info.plist";
				IPHONEOS_DEPLOYMENT_TARGET = 13.0;
				LD_RUNPATH_SEARCH_PATHS = (
					"$(inherited)",
					"@executable_path/Frameworks",
					"@loader_path/Frameworks",
				);
				PRODUCT_BUNDLE_IDENTIFIER = "com.yisselda.DM-iOS-TemplateTests";
				PRODUCT_NAME = "$(TARGET_NAME)";
				SWIFT_VERSION = 5.0;
				TARGETED_DEVICE_FAMILY = "1,2";
				TEST_HOST = "$(BUILT_PRODUCTS_DIR)/DM-iOS-Template.app/DM-iOS-Template";
			};
			name = "Release (Production)";
		};
		0678B284242565D200D4973C /* Debug (Development) */ = {
			isa = XCBuildConfiguration;
			baseConfigurationReference = 0676B5F32433CC650096CFD2 /* Development-Example.xcconfig */;
			buildSettings = {
				ALWAYS_SEARCH_USER_PATHS = NO;
				CLANG_ANALYZER_NONNULL = YES;
				CLANG_ANALYZER_NUMBER_OBJECT_CONVERSION = YES_AGGRESSIVE;
				CLANG_CXX_LANGUAGE_STANDARD = "gnu++14";
				CLANG_CXX_LIBRARY = "libc++";
				CLANG_ENABLE_MODULES = YES;
				CLANG_ENABLE_OBJC_ARC = YES;
				CLANG_ENABLE_OBJC_WEAK = YES;
				CLANG_WARN_BLOCK_CAPTURE_AUTORELEASING = YES;
				CLANG_WARN_BOOL_CONVERSION = YES;
				CLANG_WARN_COMMA = YES;
				CLANG_WARN_CONSTANT_CONVERSION = YES;
				CLANG_WARN_DEPRECATED_OBJC_IMPLEMENTATIONS = YES;
				CLANG_WARN_DIRECT_OBJC_ISA_USAGE = YES_ERROR;
				CLANG_WARN_DOCUMENTATION_COMMENTS = YES;
				CLANG_WARN_EMPTY_BODY = YES;
				CLANG_WARN_ENUM_CONVERSION = YES;
				CLANG_WARN_INFINITE_RECURSION = YES;
				CLANG_WARN_INT_CONVERSION = YES;
				CLANG_WARN_NON_LITERAL_NULL_CONVERSION = YES;
				CLANG_WARN_OBJC_IMPLICIT_RETAIN_SELF = YES;
				CLANG_WARN_OBJC_LITERAL_CONVERSION = YES;
				CLANG_WARN_OBJC_ROOT_CLASS = YES_ERROR;
				CLANG_WARN_RANGE_LOOP_ANALYSIS = YES;
				CLANG_WARN_STRICT_PROTOTYPES = YES;
				CLANG_WARN_SUSPICIOUS_MOVE = YES;
				CLANG_WARN_UNGUARDED_AVAILABILITY = YES_AGGRESSIVE;
				CLANG_WARN_UNREACHABLE_CODE = YES;
				CLANG_WARN__DUPLICATE_METHOD_MATCH = YES;
				COPY_PHASE_STRIP = NO;
				DEBUG_INFORMATION_FORMAT = dwarf;
				ENABLE_STRICT_OBJC_MSGSEND = YES;
				ENABLE_TESTABILITY = YES;
				GCC_C_LANGUAGE_STANDARD = gnu11;
				GCC_DYNAMIC_NO_PIC = NO;
				GCC_NO_COMMON_BLOCKS = YES;
				GCC_OPTIMIZATION_LEVEL = 0;
				GCC_PREPROCESSOR_DEFINITIONS = (
					"DEBUG=1",
					"$(inherited)",
				);
				GCC_WARN_64_TO_32_BIT_CONVERSION = YES;
				GCC_WARN_ABOUT_RETURN_TYPE = YES_ERROR;
				GCC_WARN_UNDECLARED_SELECTOR = YES;
				GCC_WARN_UNINITIALIZED_AUTOS = YES_AGGRESSIVE;
				GCC_WARN_UNUSED_FUNCTION = YES;
				GCC_WARN_UNUSED_VARIABLE = YES;
				IPHONEOS_DEPLOYMENT_TARGET = 13.0;
				MTL_ENABLE_DEBUG_INFO = INCLUDE_SOURCE;
				MTL_FAST_MATH = YES;
				ONLY_ACTIVE_ARCH = YES;
				SDKROOT = iphoneos;
				SWIFT_ACTIVE_COMPILATION_CONDITIONS = DEBUG;
				SWIFT_OPTIMIZATION_LEVEL = "-Onone";
			};
			name = "Debug (Development)";
		};
		0678B285242565D200D4973C /* Release (Developement) */ = {
			isa = XCBuildConfiguration;
			baseConfigurationReference = 0676B5F32433CC650096CFD2 /* Development-Example.xcconfig */;
			buildSettings = {
				ALWAYS_SEARCH_USER_PATHS = NO;
				CLANG_ANALYZER_NONNULL = YES;
				CLANG_ANALYZER_NUMBER_OBJECT_CONVERSION = YES_AGGRESSIVE;
				CLANG_CXX_LANGUAGE_STANDARD = "gnu++14";
				CLANG_CXX_LIBRARY = "libc++";
				CLANG_ENABLE_MODULES = YES;
				CLANG_ENABLE_OBJC_ARC = YES;
				CLANG_ENABLE_OBJC_WEAK = YES;
				CLANG_WARN_BLOCK_CAPTURE_AUTORELEASING = YES;
				CLANG_WARN_BOOL_CONVERSION = YES;
				CLANG_WARN_COMMA = YES;
				CLANG_WARN_CONSTANT_CONVERSION = YES;
				CLANG_WARN_DEPRECATED_OBJC_IMPLEMENTATIONS = YES;
				CLANG_WARN_DIRECT_OBJC_ISA_USAGE = YES_ERROR;
				CLANG_WARN_DOCUMENTATION_COMMENTS = YES;
				CLANG_WARN_EMPTY_BODY = YES;
				CLANG_WARN_ENUM_CONVERSION = YES;
				CLANG_WARN_INFINITE_RECURSION = YES;
				CLANG_WARN_INT_CONVERSION = YES;
				CLANG_WARN_NON_LITERAL_NULL_CONVERSION = YES;
				CLANG_WARN_OBJC_IMPLICIT_RETAIN_SELF = YES;
				CLANG_WARN_OBJC_LITERAL_CONVERSION = YES;
				CLANG_WARN_OBJC_ROOT_CLASS = YES_ERROR;
				CLANG_WARN_RANGE_LOOP_ANALYSIS = YES;
				CLANG_WARN_STRICT_PROTOTYPES = YES;
				CLANG_WARN_SUSPICIOUS_MOVE = YES;
				CLANG_WARN_UNGUARDED_AVAILABILITY = YES_AGGRESSIVE;
				CLANG_WARN_UNREACHABLE_CODE = YES;
				CLANG_WARN__DUPLICATE_METHOD_MATCH = YES;
				COPY_PHASE_STRIP = NO;
				DEBUG_INFORMATION_FORMAT = "dwarf-with-dsym";
				ENABLE_NS_ASSERTIONS = NO;
				ENABLE_STRICT_OBJC_MSGSEND = YES;
				GCC_C_LANGUAGE_STANDARD = gnu11;
				GCC_NO_COMMON_BLOCKS = YES;
				GCC_WARN_64_TO_32_BIT_CONVERSION = YES;
				GCC_WARN_ABOUT_RETURN_TYPE = YES_ERROR;
				GCC_WARN_UNDECLARED_SELECTOR = YES;
				GCC_WARN_UNINITIALIZED_AUTOS = YES_AGGRESSIVE;
				GCC_WARN_UNUSED_FUNCTION = YES;
				GCC_WARN_UNUSED_VARIABLE = YES;
				IPHONEOS_DEPLOYMENT_TARGET = 13.0;
				MTL_ENABLE_DEBUG_INFO = NO;
				MTL_FAST_MATH = YES;
				SDKROOT = iphoneos;
				SWIFT_COMPILATION_MODE = wholemodule;
				SWIFT_OPTIMIZATION_LEVEL = "-O";
				VALIDATE_PRODUCT = YES;
			};
			name = "Release (Developement)";
		};
		0678B287242565D200D4973C /* Debug (Development) */ = {
			isa = XCBuildConfiguration;
			baseConfigurationReference = 0676B5F32433CC650096CFD2 /* Development-Example.xcconfig */;
			buildSettings = {
				ASSETCATALOG_COMPILER_APPICON_NAME = AppIcon;
				CODE_SIGN_STYLE = Automatic;
				DEVELOPMENT_TEAM = 4K2JRLM6Q3;
				INFOPLIST_FILE = "DM-iOS-Template/Configs/Info.plist";
				LD_RUNPATH_SEARCH_PATHS = (
					"$(inherited)",
					"@executable_path/Frameworks",
				);
				PRODUCT_BUNDLE_IDENTIFIER = "com.defmethod.DM-iOS-Template";
				PRODUCT_NAME = "DM-iOS-Template";
				SWIFT_VERSION = 5.0;
				TARGETED_DEVICE_FAMILY = 1;
			};
			name = "Debug (Development)";
		};
		0678B288242565D200D4973C /* Release (Developement) */ = {
			isa = XCBuildConfiguration;
			baseConfigurationReference = 0676B5F32433CC650096CFD2 /* Development-Example.xcconfig */;
			buildSettings = {
				ASSETCATALOG_COMPILER_APPICON_NAME = AppIcon;
				CODE_SIGN_STYLE = Automatic;
				DEVELOPMENT_TEAM = 4K2JRLM6Q3;
				INFOPLIST_FILE = "DM-iOS-Template/Configs/Info.plist";
				LD_RUNPATH_SEARCH_PATHS = (
					"$(inherited)",
					"@executable_path/Frameworks",
				);
				PRODUCT_BUNDLE_IDENTIFIER = "com.defmethod.DM-iOS-Template";
				PRODUCT_NAME = "DM-iOS-Template";
				SWIFT_VERSION = 5.0;
				TARGETED_DEVICE_FAMILY = 1;
			};
			name = "Release (Developement)";
		};
		0678B28A242565D200D4973C /* Debug (Development) */ = {
			isa = XCBuildConfiguration;
			baseConfigurationReference = 0676B5F32433CC650096CFD2 /* Development-Example.xcconfig */;
			buildSettings = {
				ALWAYS_EMBED_SWIFT_STANDARD_LIBRARIES = YES;
				BUNDLE_LOADER = "$(TEST_HOST)";
				CODE_SIGN_STYLE = Automatic;
				DEVELOPMENT_TEAM = 8XK7M74ULJ;
				INFOPLIST_FILE = "DM-iOS-TemplateTests/Info.plist";
				IPHONEOS_DEPLOYMENT_TARGET = 13.0;
				LD_RUNPATH_SEARCH_PATHS = (
					"$(inherited)",
					"@executable_path/Frameworks",
					"@loader_path/Frameworks",
				);
				PRODUCT_BUNDLE_IDENTIFIER = "com.yisselda.DM-iOS-TemplateTests";
				PRODUCT_NAME = "$(TARGET_NAME)";
				SWIFT_VERSION = 5.0;
				TARGETED_DEVICE_FAMILY = "1,2";
				TEST_HOST = "$(BUILT_PRODUCTS_DIR)/DM-iOS-Template.app/DM-iOS-Template";
			};
			name = "Debug (Development)";
		};
		0678B28B242565D200D4973C /* Release (Developement) */ = {
			isa = XCBuildConfiguration;
			baseConfigurationReference = 0676B5F32433CC650096CFD2 /* Development-Example.xcconfig */;
			buildSettings = {
				ALWAYS_EMBED_SWIFT_STANDARD_LIBRARIES = YES;
				BUNDLE_LOADER = "$(TEST_HOST)";
				CODE_SIGN_STYLE = Automatic;
				DEVELOPMENT_TEAM = 8XK7M74ULJ;
				INFOPLIST_FILE = "DM-iOS-TemplateTests/Info.plist";
				IPHONEOS_DEPLOYMENT_TARGET = 13.0;
				LD_RUNPATH_SEARCH_PATHS = (
					"$(inherited)",
					"@executable_path/Frameworks",
					"@loader_path/Frameworks",
				);
				PRODUCT_BUNDLE_IDENTIFIER = "com.yisselda.DM-iOS-TemplateTests";
				PRODUCT_NAME = "$(TARGET_NAME)";
				SWIFT_VERSION = 5.0;
				TARGETED_DEVICE_FAMILY = "1,2";
				TEST_HOST = "$(BUILT_PRODUCTS_DIR)/DM-iOS-Template.app/DM-iOS-Template";
			};
			name = "Release (Developement)";
		};
/* End XCBuildConfiguration section */

/* Begin XCConfigurationList section */
		0678B262242565D000D4973C /* Build configuration list for PBXProject "DM-iOS-Template" */ = {
			isa = XCConfigurationList;
			buildConfigurations = (
				0678B284242565D200D4973C /* Debug (Development) */,
				0676B5E92433C5D20096CFD2 /* Debug (Staging) */,
				0676B5E62433C5B20096CFD2 /* Debug (Production) */,
				0678B285242565D200D4973C /* Release (Developement) */,
				0676B5EC2433C6210096CFD2 /* Release (Staging) */,
				0676B5EF2433C6230096CFD2 /* Release (Production) */,
			);
			defaultConfigurationIsVisible = 0;
			defaultConfigurationName = "Release (Staging)";
		};
		0678B286242565D200D4973C /* Build configuration list for PBXNativeTarget "DM-iOS-Template" */ = {
			isa = XCConfigurationList;
			buildConfigurations = (
				0678B287242565D200D4973C /* Debug (Development) */,
				0676B5EA2433C5D20096CFD2 /* Debug (Staging) */,
				0676B5E72433C5B20096CFD2 /* Debug (Production) */,
				0678B288242565D200D4973C /* Release (Developement) */,
				0676B5ED2433C6210096CFD2 /* Release (Staging) */,
				0676B5F02433C6230096CFD2 /* Release (Production) */,
			);
			defaultConfigurationIsVisible = 0;
			defaultConfigurationName = "Release (Staging)";
		};
		0678B289242565D200D4973C /* Build configuration list for PBXNativeTarget "DM-iOS-TemplateTests" */ = {
			isa = XCConfigurationList;
			buildConfigurations = (
				0678B28A242565D200D4973C /* Debug (Development) */,
				0676B5EB2433C5D20096CFD2 /* Debug (Staging) */,
				0676B5E82433C5B20096CFD2 /* Debug (Production) */,
				0678B28B242565D200D4973C /* Release (Developement) */,
				0676B5EE2433C6210096CFD2 /* Release (Staging) */,
				0676B5F12433C6230096CFD2 /* Release (Production) */,
			);
			defaultConfigurationIsVisible = 0;
			defaultConfigurationName = "Release (Staging)";
		};
/* End XCConfigurationList section */
	};
	rootObject = 0678B25F242565D000D4973C /* Project object */;
}
